{
  "name": "web_crawler",
  "lockfileVersion": 2,
  "requires": true,
  "packages": {
    "": {
      "dependencies": {
        "pg-error-constants": "^1.0.0"
      }
    },
    "node_modules/pg-error-constants": {
      "version": "1.0.0",
      "resolved": "https://registry.npmjs.org/pg-error-constants/-/pg-error-constants-1.0.0.tgz",
      "integrity": "sha512-uXKMjv2Kz1S9y2pu540l5uTkrZwCLrmnMSNHdvMDlXSr29pZM88pkKosFN0bDErFsITVjhQYeA08YxSepSIjHA=="
    }
  },
  "dependencies": {
    "pg-error-constants": {
      "version": "1.0.0",
      "resolved": "https://registry.npmjs.org/pg-error-constants/-/pg-error-constants-1.0.0.tgz",
      "integrity": "sha512-uXKMjv2Kz1S9y2pu540l5uTkrZwCLrmnMSNHdvMDlXSr29pZM88pkKosFN0bDErFsITVjhQYeA08YxSepSIjHA=="
    }
  }
}
